
Microsoft Visual Studio Solution File, Format Version 12.00
# Visual Studio Version 16
VisualStudioVersion = 16.0.30011.22
MinimumVisualStudioVersion = 10.0.40219.1
Project("{FAE04EC0-301F-11D3-BF4B-00C04F79EFBC}") = "API", "API\API.csproj", "{0E134C57-87C4-49CD-8C13-472F59B5FA1D}"
EndProject
Project("{FAE04EC0-301F-11D3-BF4B-00C04F79EFBC}") = "Extra.Models", "Extra.Models\Extra.Models.csproj", "{158FD787-302B-4A12-980E-17A522E32D8F}"
EndProject
Global
	GlobalSection(SolutionConfigurationPlatforms) = preSolution
		Debug|Any CPU = Debug|Any CPU
		Release|Any CPU = Release|Any CPU
	EndGlobalSection
	GlobalSection(ProjectConfigurationPlatforms) = postSolution
		{0E134C57-87C4-49CD-8C13-472F59B5FA1D}.Debug|Any CPU.ActiveCfg = Debug|Any CPU
		{0E134C57-87C4-49CD-8C13-472F59B5FA1D}.Debug|Any CPU.Build.0 = Debug|Any CPU
		{0E134C57-87C4-49CD-8C13-472F59B5FA1D}.Release|Any CPU.ActiveCfg = Release|Any CPU
		{0E134C57-87C4-49CD-8C13-472F59B5FA1D}.Release|Any CPU.Build.0 = Release|Any CPU
		{158FD787-302B-4A12-980E-17A522E32D8F}.Debug|Any CPU.ActiveCfg = Debug|Any CPU
		{158FD787-302B-4A12-980E-17A522E32D8F}.Debug|Any CPU.Build.0 = Debug|Any CPU
		{158FD787-302B-4A12-980E-17A522E32D8F}.Release|Any CPU.ActiveCfg = Release|Any CPU
		{158FD787-302B-4A12-980E-17A522E32D8F}.Release|Any CPU.Build.0 = Release|Any CPU
	EndGlobalSection
	GlobalSection(SolutionProperties) = preSolution
		HideSolutionNode = FALSE
	EndGlobalSection
	GlobalSection(ExtensibilityGlobals) = postSolution
		SolutionGuid = {C8E1FA16-7101-4455-A25B-7D116921C88C}
	EndGlobalSection
EndGlobal
